// !$*UTF8*$!
{
	archiveVersion = 1;
	classes = {
	};
	objectVersion = 56;
	objects = {

/* Begin PBXBuildFile section */
		FD2DBCB8294AD3BC00217D6E /* MonthConfig.swift in Sources */ = {isa = PBXBuildFile; fileRef = FD2DBCB6294AD19B00217D6E /* MonthConfig.swift */; };
		FD2DBCB9294AD3C200217D6E /* MonthConfig.swift in Sources */ = {isa = PBXBuildFile; fileRef = FD2DBCB6294AD19B00217D6E /* MonthConfig.swift */; };
		FDEDE7AB29498E4000E6972D /* MonthlyApp.swift in Sources */ = {isa = PBXBuildFile; fileRef = FDEDE7AA29498E4000E6972D /* MonthlyApp.swift */; };
		FDEDE7AD29498E4000E6972D /* ContentView.swift in Sources */ = {isa = PBXBuildFile; fileRef = FDEDE7AC29498E4000E6972D /* ContentView.swift */; };
		FDEDE7AF29498E4100E6972D /* Assets.xcassets in Resources */ = {isa = PBXBuildFile; fileRef = FDEDE7AE29498E4100E6972D /* Assets.xcassets */; };
		FDEDE7B229498E4100E6972D /* Preview Assets.xcassets in Resources */ = {isa = PBXBuildFile; fileRef = FDEDE7B129498E4100E6972D /* Preview Assets.xcassets */; };
		FDEDE7BF29498E8400E6972D /* WidgetKit.framework in Frameworks */ = {isa = PBXBuildFile; fileRef = FDEDE7BE29498E8400E6972D /* WidgetKit.framework */; };
		FDEDE7C129498E8400E6972D /* SwiftUI.framework in Frameworks */ = {isa = PBXBuildFile; fileRef = FDEDE7C029498E8400E6972D /* SwiftUI.framework */; };
		FDEDE7C429498E8400E6972D /* MonthlyWidgetBundle.swift in Sources */ = {isa = PBXBuildFile; fileRef = FDEDE7C329498E8400E6972D /* MonthlyWidgetBundle.swift */; };
		FDEDE7C629498E8400E6972D /* MonthlyWidget.swift in Sources */ = {isa = PBXBuildFile; fileRef = FDEDE7C529498E8400E6972D /* MonthlyWidget.swift */; };
		FDEDE7C829498E8600E6972D /* Assets.xcassets in Resources */ = {isa = PBXBuildFile; fileRef = FDEDE7C729498E8600E6972D /* Assets.xcassets */; };
		FDEDE7CC29498E8600E6972D /* MonthlyWidgetExtension.appex in Embed Foundation Extensions */ = {isa = PBXBuildFile; fileRef = FDEDE7BC29498E8400E6972D /* MonthlyWidgetExtension.appex */; settings = {ATTRIBUTES = (RemoveHeadersOnCopy, ); }; };
/* End PBXBuildFile section */

/* Begin PBXContainerItemProxy section */
		FDEDE7CA29498E8600E6972D /* PBXContainerItemProxy */ = {
			isa = PBXContainerItemProxy;
			containerPortal = FDEDE79F29498E4000E6972D /* Project object */;
			proxyType = 1;
			remoteGlobalIDString = FDEDE7BB29498E8400E6972D;
			remoteInfo = MonthlyWidgetExtension;
		};
/* End PBXContainerItemProxy section */

/* Begin PBXCopyFilesBuildPhase section */
		FDEDE7D029498E8600E6972D /* Embed Foundation Extensions */ = {
			isa = PBXCopyFilesBuildPhase;
			buildActionMask = 2147483647;
			dstPath = "";
			dstSubfolderSpec = 13;
			files = (
				FDEDE7CC29498E8600E6972D /* MonthlyWidgetExtension.appex in Embed Foundation Extensions */,
			);
			name = "Embed Foundation Extensions";
			runOnlyForDeploymentPostprocessing = 0;
		};
/* End PBXCopyFilesBuildPhase section */

/* Begin PBXFileReference section */
		FD2DBCB6294AD19B00217D6E /* MonthConfig.swift */ = {isa = PBXFileReference; lastKnownFileType = sourcecode.swift; path = MonthConfig.swift; sourceTree = "<group>"; };
		FDEDE7A729498E4000E6972D /* Monthly.app */ = {isa = PBXFileReference; explicitFileType = wrapper.application; includeInIndex = 0; path = Monthly.app; sourceTree = BUILT_PRODUCTS_DIR; };
		FDEDE7AA29498E4000E6972D /* MonthlyApp.swift */ = {isa = PBXFileReference; lastKnownFileType = sourcecode.swift; path = MonthlyApp.swift; sourceTree = "<group>"; };
		FDEDE7AC29498E4000E6972D /* ContentView.swift */ = {isa = PBXFileReference; lastKnownFileType = sourcecode.swift; path = ContentView.swift; sourceTree = "<group>"; };
		FDEDE7AE29498E4100E6972D /* Assets.xcassets */ = {isa = PBXFileReference; lastKnownFileType = folder.assetcatalog; path = Assets.xcassets; sourceTree = "<group>"; };
		FDEDE7B129498E4100E6972D /* Preview Assets.xcassets */ = {isa = PBXFileReference; lastKnownFileType = folder.assetcatalog; path = "Preview Assets.xcassets"; sourceTree = "<group>"; };
		FDEDE7BC29498E8400E6972D /* MonthlyWidgetExtension.appex */ = {isa = PBXFileReference; explicitFileType = "wrapper.app-extension"; includeInIndex = 0; path = MonthlyWidgetExtension.appex; sourceTree = BUILT_PRODUCTS_DIR; };
		FDEDE7BE29498E8400E6972D /* WidgetKit.framework */ = {isa = PBXFileReference; lastKnownFileType = wrapper.framework; name = WidgetKit.framework; path = System/Library/Frameworks/WidgetKit.framework; sourceTree = SDKROOT; };
		FDEDE7C029498E8400E6972D /* SwiftUI.framework */ = {isa = PBXFileReference; lastKnownFileType = wrapper.framework; name = SwiftUI.framework; path = System/Library/Frameworks/SwiftUI.framework; sourceTree = SDKROOT; };
		FDEDE7C329498E8400E6972D /* MonthlyWidgetBundle.swift */ = {isa = PBXFileReference; lastKnownFileType = sourcecode.swift; path = MonthlyWidgetBundle.swift; sourceTree = "<group>"; };
		FDEDE7C529498E8400E6972D /* MonthlyWidget.swift */ = {isa = PBXFileReference; lastKnownFileType = sourcecode.swift; path = MonthlyWidget.swift; sourceTree = "<group>"; };
		FDEDE7C729498E8600E6972D /* Assets.xcassets */ = {isa = PBXFileReference; lastKnownFileType = folder.assetcatalog; path = Assets.xcassets; sourceTree = "<group>"; };
		FDEDE7C929498E8600E6972D /* Info.plist */ = {isa = PBXFileReference; lastKnownFileType = text.plist.xml; path = Info.plist; sourceTree = "<group>"; };
/* End PBXFileReference section */

/* Begin PBXFrameworksBuildPhase section */
		FDEDE7A429498E4000E6972D /* Frameworks */ = {
			isa = PBXFrameworksBuildPhase;
			buildActionMask = 2147483647;
			files = (
			);
			runOnlyForDeploymentPostprocessing = 0;
		};
		FDEDE7B929498E8400E6972D /* Frameworks */ = {
			isa = PBXFrameworksBuildPhase;
			buildActionMask = 2147483647;
			files = (
				FDEDE7C129498E8400E6972D /* SwiftUI.framework in Frameworks */,
				FDEDE7BF29498E8400E6972D /* WidgetKit.framework in Frameworks */,
			);
			runOnlyForDeploymentPostprocessing = 0;
		};
/* End PBXFrameworksBuildPhase section */

/* Begin PBXGroup section */
		FDEDE79E29498E4000E6972D = {
			isa = PBXGroup;
			children = (
				FDEDE7A929498E4000E6972D /* Monthly */,
				FDEDE7C229498E8400E6972D /* MonthlyWidget */,
				FDEDE7BD29498E8400E6972D /* Frameworks */,
				FDEDE7A829498E4000E6972D /* Products */,
			);
			sourceTree = "<group>";
		};
		FDEDE7A829498E4000E6972D /* Products */ = {
			isa = PBXGroup;
			children = (
				FDEDE7A729498E4000E6972D /* Monthly.app */,
				FDEDE7BC29498E8400E6972D /* MonthlyWidgetExtension.appex */,
			);
			name = Products;
			sourceTree = "<group>";
		};
		FDEDE7A929498E4000E6972D /* Monthly */ = {
			isa = PBXGroup;
			children = (
				FDEDE7AA29498E4000E6972D /* MonthlyApp.swift */,
				FDEDE7AC29498E4000E6972D /* ContentView.swift */,
				FDEDE7AE29498E4100E6972D /* Assets.xcassets */,
				FDEDE7B029498E4100E6972D /* Preview Content */,
			);
			path = Monthly;
			sourceTree = "<group>";
		};
		FDEDE7B029498E4100E6972D /* Preview Content */ = {
			isa = PBXGroup;
			children = (
				FDEDE7B129498E4100E6972D /* Preview Assets.xcassets */,
			);
			path = "Preview Content";
			sourceTree = "<group>";
		};
		FDEDE7BD29498E8400E6972D /* Frameworks */ = {
			isa = PBXGroup;
			children = (
				FDEDE7BE29498E8400E6972D /* WidgetKit.framework */,
				FDEDE7C029498E8400E6972D /* SwiftUI.framework */,
			);
			name = Frameworks;
			sourceTree = "<group>";
		};
		FDEDE7C229498E8400E6972D /* MonthlyWidget */ = {
			isa = PBXGroup;
			children = (
				FDEDE7C329498E8400E6972D /* MonthlyWidgetBundle.swift */,
				FDEDE7C529498E8400E6972D /* MonthlyWidget.swift */,
				FD2DBCB6294AD19B00217D6E /* MonthConfig.swift */,
				FDEDE7C729498E8600E6972D /* Assets.xcassets */,
				FDEDE7C929498E8600E6972D /* Info.plist */,
			);
			path = MonthlyWidget;
			sourceTree = "<group>";
		};
/* End PBXGroup section */

/* Begin PBXNativeTarget section */
		FDEDE7A629498E4000E6972D /* Monthly */ = {
			isa = PBXNativeTarget;
			buildConfigurationList = FDEDE7B529498E4100E6972D /* Build configuration list for PBXNativeTarget "Monthly" */;
			buildPhases = (
				FDEDE7A329498E4000E6972D /* Sources */,
				FDEDE7A429498E4000E6972D /* Frameworks */,
				FDEDE7A529498E4000E6972D /* Resources */,
				FDEDE7D029498E8600E6972D /* Embed Foundation Extensions */,
			);
			buildRules = (
			);
			dependencies = (
				FDEDE7CB29498E8600E6972D /* PBXTargetDependency */,
			);
			name = Monthly;
			productName = Monthly;
			productReference = FDEDE7A729498E4000E6972D /* Monthly.app */;
			productType = "com.apple.product-type.application";
		};
		FDEDE7BB29498E8400E6972D /* MonthlyWidgetExtension */ = {
			isa = PBXNativeTarget;
			buildConfigurationList = FDEDE7CD29498E8600E6972D /* Build configuration list for PBXNativeTarget "MonthlyWidgetExtension" */;
			buildPhases = (
				FDEDE7B829498E8400E6972D /* Sources */,
				FDEDE7B929498E8400E6972D /* Frameworks */,
				FDEDE7BA29498E8400E6972D /* Resources */,
			);
			buildRules = (
			);
			dependencies = (
			);
			name = MonthlyWidgetExtension;
			productName = MonthlyWidgetExtension;
			productReference = FDEDE7BC29498E8400E6972D /* MonthlyWidgetExtension.appex */;
			productType = "com.apple.product-type.app-extension";
		};
/* End PBXNativeTarget section */

/* Begin PBXProject section */
		FDEDE79F29498E4000E6972D /* Project object */ = {
			isa = PBXProject;
			attributes = {
				BuildIndependentTargetsInParallel = 1;
				LastSwiftUpdateCheck = 1420;
				LastUpgradeCheck = 1420;
				TargetAttributes = {
					FDEDE7A629498E4000E6972D = {
						CreatedOnToolsVersion = 14.2;
					};
					FDEDE7BB29498E8400E6972D = {
						CreatedOnToolsVersion = 14.2;
					};
				};
			};
			buildConfigurationList = FDEDE7A229498E4000E6972D /* Build configuration list for PBXProject "Monthly" */;
			compatibilityVersion = "Xcode 14.0";
			developmentRegion = en;
			hasScannedForEncodings = 0;
			knownRegions = (
				en,
				Base,
			);
			mainGroup = FDEDE79E29498E4000E6972D;
			productRefGroup = FDEDE7A829498E4000E6972D /* Products */;
			projectDirPath = "";
			projectRoot = "";
			targets = (
				FDEDE7A629498E4000E6972D /* Monthly */,
				FDEDE7BB29498E8400E6972D /* MonthlyWidgetExtension */,
			);
		};
/* End PBXProject section */

/* Begin PBXResourcesBuildPhase section */
		FDEDE7A529498E4000E6972D /* Resources */ = {
			isa = PBXResourcesBuildPhase;
			buildActionMask = 2147483647;
			files = (
				FDEDE7B229498E4100E6972D /* Preview Assets.xcassets in Resources */,
				FDEDE7AF29498E4100E6972D /* Assets.xcassets in Resources */,
			);
			runOnlyForDeploymentPostprocessing = 0;
		};
		FDEDE7BA29498E8400E6972D /* Resources */ = {
			isa = PBXResourcesBuildPhase;
			buildActionMask = 2147483647;
			files = (
				FDEDE7C829498E8600E6972D /* Assets.xcassets in Resources */,
			);
			runOnlyForDeploymentPostprocessing = 0;
		};
/* End PBXResourcesBuildPhase section */

/* Begin PBXSourcesBuildPhase section */
		FDEDE7A329498E4000E6972D /* Sources */ = {
			isa = PBXSourcesBuildPhase;
			buildActionMask = 2147483647;
			files = (
				FDEDE7AD29498E4000E6972D /* ContentView.swift in Sources */,
				FD2DBCB9294AD3C200217D6E /* MonthConfig.swift in Sources */,
				FDEDE7AB29498E4000E6972D /* MonthlyApp.swift in Sources */,
			);
			runOnlyForDeploymentPostprocessing = 0;
		};
		FDEDE7B829498E8400E6972D /* Sources */ = {
			isa = PBXSourcesBuildPhase;
			buildActionMask = 2147483647;
			files = (
				FDEDE7C429498E8400E6972D /* MonthlyWidgetBundle.swift in Sources */,
				FD2DBCB8294AD3BC00217D6E /* MonthConfig.swift in Sources */,
				FDEDE7C629498E8400E6972D /* MonthlyWidget.swift in Sources */,
			);
			runOnlyForDeploymentPostprocessing = 0;
		};
/* End PBXSourcesBuildPhase section */

/* Begin PBXTargetDependency section */
		FDEDE7CB29498E8600E6972D /* PBXTargetDependency */ = {
			isa = PBXTargetDependency;
			target = FDEDE7BB29498E8400E6972D /* MonthlyWidgetExtension */;
			targetProxy = FDEDE7CA29498E8600E6972D /* PBXContainerItemProxy */;
		};
/* End PBXTargetDependency section */

/* Begin XCBuildConfiguration section */
		FDEDE7B329498E4100E6972D /* Debug */ = {
			isa = XCBuildConfiguration;
			buildSettings = {
				ALWAYS_SEARCH_USER_PATHS = NO;
				CLANG_ANALYZER_NONNULL = YES;
				CLANG_ANALYZER_NUMBER_OBJECT_CONVERSION = YES_AGGRESSIVE;
				CLANG_CXX_LANGUAGE_STANDARD = "gnu++20";
				CLANG_ENABLE_MODULES = YES;
				CLANG_ENABLE_OBJC_ARC = YES;
				CLANG_ENABLE_OBJC_WEAK = YES;
				CLANG_WARN_BLOCK_CAPTURE_AUTORELEASING = YES;
				CLANG_WARN_BOOL_CONVERSION = YES;
				CLANG_WARN_COMMA = YES;
				CLANG_WARN_CONSTANT_CONVERSION = YES;
				CLANG_WARN_DEPRECATED_OBJC_IMPLEMENTATIONS = YES;
				CLANG_WARN_DIRECT_OBJC_ISA_USAGE = YES_ERROR;
				CLANG_WARN_DOCUMENTATION_COMMENTS = YES;
				CLANG_WARN_EMPTY_BODY = YES;
				CLANG_WARN_ENUM_CONVERSION = YES;
				CLANG_WARN_INFINITE_RECURSION = YES;
				CLANG_WARN_INT_CONVERSION = YES;
				CLANG_WARN_NON_LITERAL_NULL_CONVERSION = YES;
				CLANG_WARN_OBJC_IMPLICIT_RETAIN_SELF = YES;
				CLANG_WARN_OBJC_LITERAL_CONVERSION = YES;
				CLANG_WARN_OBJC_ROOT_CLASS = YES_ERROR;
				CLANG_WARN_QUOTED_INCLUDE_IN_FRAMEWORK_HEADER = YES;
				CLANG_WARN_RANGE_LOOP_ANALYSIS = YES;
				CLANG_WARN_STRICT_PROTOTYPES = YES;
				CLANG_WARN_SUSPICIOUS_MOVE = YES;
				CLANG_WARN_UNGUARDED_AVAILABILITY = YES_AGGRESSIVE;
				CLANG_WARN_UNREACHABLE_CODE = YES;
				CLANG_WARN__DUPLICATE_METHOD_MATCH = YES;
				COPY_PHASE_STRIP = NO;
				DEBUG_INFORMATION_FORMAT = dwarf;
				ENABLE_STRICT_OBJC_MSGSEND = YES;
				ENABLE_TESTABILITY = YES;
				GCC_C_LANGUAGE_STANDARD = gnu11;
				GCC_DYNAMIC_NO_PIC = NO;
				GCC_NO_COMMON_BLOCKS = YES;
				GCC_OPTIMIZATION_LEVEL = 0;
				GCC_PREPROCESSOR_DEFINITIONS = (
					"DEBUG=1",
					"$(inherited)",
				);
				GCC_WARN_64_TO_32_BIT_CONVERSION = YES;
				GCC_WARN_ABOUT_RETURN_TYPE = YES_ERROR;
				GCC_WARN_UNDECLARED_SELECTOR = YES;
				GCC_WARN_UNINITIALIZED_AUTOS = YES_AGGRESSIVE;
				GCC_WARN_UNUSED_FUNCTION = YES;
				GCC_WARN_UNUSED_VARIABLE = YES;
				IPHONEOS_DEPLOYMENT_TARGET = 16.2;
				MTL_ENABLE_DEBUG_INFO = INCLUDE_SOURCE;
				MTL_FAST_MATH = YES;
				ONLY_ACTIVE_ARCH = YES;
				SDKROOT = iphoneos;
				SWIFT_ACTIVE_COMPILATION_CONDITIONS = DEBUG;
				SWIFT_OPTIMIZATION_LEVEL = "-Onone";
			};
			name = Debug;
		};
		FDEDE7B429498E4100E6972D /* Release */ = {
			isa = XCBuildConfiguration;
			buildSettings = {
				ALWAYS_SEARCH_USER_PATHS = NO;
				CLANG_ANALYZER_NONNULL = YES;
				CLANG_ANALYZER_NUMBER_OBJECT_CONVERSION = YES_AGGRESSIVE;
				CLANG_CXX_LANGUAGE_STANDARD = "gnu++20";
				CLANG_ENABLE_MODULES = YES;
				CLANG_ENABLE_OBJC_ARC = YES;
				CLANG_ENABLE_OBJC_WEAK = YES;
				CLANG_WARN_BLOCK_CAPTURE_AUTORELEASING = YES;
				CLANG_WARN_BOOL_CONVERSION = YES;
				CLANG_WARN_COMMA = YES;
				CLANG_WARN_CONSTANT_CONVERSION = YES;
				CLANG_WARN_DEPRECATED_OBJC_IMPLEMENTATIONS = YES;
				CLANG_WARN_DIRECT_OBJC_ISA_USAGE = YES_ERROR;
				CLANG_WARN_DOCUMENTATION_COMMENTS = YES;
				CLANG_WARN_EMPTY_BODY = YES;
				CLANG_WARN_ENUM_CONVERSION = YES;
				CLANG_WARN_INFINITE_RECURSION = YES;
				CLANG_WARN_INT_CONVERSION = YES;
				CLANG_WARN_NON_LITERAL_NULL_CONVERSION = YES;
				CLANG_WARN_OBJC_IMPLICIT_RETAIN_SELF = YES;
				CLANG_WARN_OBJC_LITERAL_CONVERSION = YES;
				CLANG_WARN_OBJC_ROOT_CLASS = YES_ERROR;
				CLANG_WARN_QUOTED_INCLUDE_IN_FRAMEWORK_HEADER = YES;
				CLANG_WARN_RANGE_LOOP_ANALYSIS = YES;
				CLANG_WARN_STRICT_PROTOTYPES = YES;
				CLANG_WARN_SUSPICIOUS_MOVE = YES;
				CLANG_WARN_UNGUARDED_AVAILABILITY = YES_AGGRESSIVE;
				CLANG_WARN_UNREACHABLE_CODE = YES;
				CLANG_WARN__DUPLICATE_METHOD_MATCH = YES;
				COPY_PHASE_STRIP = NO;
				DEBUG_INFORMATION_FORMAT = "dwarf-with-dsym";
				ENABLE_NS_ASSERTIONS = NO;
				ENABLE_STRICT_OBJC_MSGSEND = YES;
				GCC_C_LANGUAGE_STANDARD = gnu11;
				GCC_NO_COMMON_BLOCKS = YES;
				GCC_WARN_64_TO_32_BIT_CONVERSION = YES;
				GCC_WARN_ABOUT_RETURN_TYPE = YES_ERROR;
				GCC_WARN_UNDECLARED_SELECTOR = YES;
				GCC_WARN_UNINITIALIZED_AUTOS = YES_AGGRESSIVE;
				GCC_WARN_UNUSED_FUNCTION = YES;
				GCC_WARN_UNUSED_VARIABLE = YES;
				IPHONEOS_DEPLOYMENT_TARGET = 16.2;
				MTL_ENABLE_DEBUG_INFO = NO;
				MTL_FAST_MATH = YES;
				SDKROOT = iphoneos;
				SWIFT_COMPILATION_MODE = wholemodule;
				SWIFT_OPTIMIZATION_LEVEL = "-O";
				VALIDATE_PRODUCT = YES;
			};
			name = Release;
		};
		FDEDE7B629498E4100E6972D /* Debug */ = {
			isa = XCBuildConfiguration;
			buildSettings = {
				ALWAYS_EMBED_SWIFT_STANDARD_LIBRARIES = YES;
				ASSETCATALOG_COMPILER_APPICON_NAME = AppIcon;
				ASSETCATALOG_COMPILER_GLOBAL_ACCENT_COLOR_NAME = AccentColor;
				CODE_SIGN_STYLE = Automatic;
				CURRENT_PROJECT_VERSION = 1;
				DEVELOPMENT_ASSET_PATHS = "\"Monthly/Preview Content\"";
				DEVELOPMENT_TEAM = PZ67V2GHY9;
				ENABLE_PREVIEWS = YES;
				GENERATE_INFOPLIST_FILE = YES;
				INFOPLIST_KEY_UIApplicationSceneManifest_Generation = YES;
				INFOPLIST_KEY_UIApplicationSupportsIndirectInputEvents = YES;
				INFOPLIST_KEY_UILaunchScreen_Generation = YES;
				INFOPLIST_KEY_UISupportedInterfaceOrientations_iPad = "UIInterfaceOrientationPortrait UIInterfaceOrientationPortraitUpsideDown UIInterfaceOrientationLandscapeLeft UIInterfaceOrientationLandscapeRight";
				INFOPLIST_KEY_UISupportedInterfaceOrientations_iPhone = "UIInterfaceOrientationPortrait UIInterfaceOrientationLandscapeLeft UIInterfaceOrientationLandscapeRight";
				LD_RUNPATH_SEARCH_PATHS = (
					"$(inherited)",
					"@executable_path/Frameworks",
				);
				MARKETING_VERSION = 1.0;
				PRODUCT_BUNDLE_IDENTIFIER = io.compilery.Monthly;
				PRODUCT_NAME = "$(TARGET_NAME)";
				SWIFT_EMIT_LOC_STRINGS = YES;
				SWIFT_VERSION = 5.0;
				TARGETED_DEVICE_FAMILY = "1,2";
			};
			name = Debug;
		};
		FDEDE7B729498E4100E6972D /* Release */ = {
			isa = XCBuildConfiguration;
			buildSettings = {
				ALWAYS_EMBED_SWIFT_STANDARD_LIBRARIES = YES;
				ASSETCATALOG_COMPILER_APPICON_NAME = AppIcon;
				ASSETCATALOG_COMPILER_GLOBAL_ACCENT_COLOR_NAME = AccentColor;
				CODE_SIGN_STYLE = Automatic;
				CURRENT_PROJECT_VERSION = 1;
				DEVELOPMENT_ASSET_PATHS = "\"Monthly/Preview Content\"";
				DEVELOPMENT_TEAM = PZ67V2GHY9;
				ENABLE_PREVIEWS = YES;
				GENERATE_INFOPLIST_FILE = YES;
				INFOPLIST_KEY_UIApplicationSceneManifest_Generation = YES;
				INFOPLIST_KEY_UIApplicationSupportsIndirectInputEvents = YES;
				INFOPLIST_KEY_UILaunchScreen_Generation = YES;
				INFOPLIST_KEY_UISupportedInterfaceOrientations_iPad = "UIInterfaceOrientationPortrait UIInterfaceOrientationPortraitUpsideDown UIInterfaceOrientationLandscapeLeft UIInterfaceOrientationLandscapeRight";
				INFOPLIST_KEY_UISupportedInterfaceOrientations_iPhone = "UIInterfaceOrientationPortrait UIInterfaceOrientationLandscapeLeft UIInterfaceOrientationLandscapeRight";
				LD_RUNPATH_SEARCH_PATHS = (
					"$(inherited)",
					"@executable_path/Frameworks",
				);
				MARKETING_VERSION = 1.0;
				PRODUCT_BUNDLE_IDENTIFIER = io.compilery.Monthly;
				PRODUCT_NAME = "$(TARGET_NAME)";
				SWIFT_EMIT_LOC_STRINGS = YES;
				SWIFT_VERSION = 5.0;
				TARGETED_DEVICE_FAMILY = "1,2";
			};
			name = Release;
		};
		FDEDE7CE29498E8600E6972D /* Debug */ = {
			isa = XCBuildConfiguration;
			buildSettings = {
				ASSETCATALOG_COMPILER_GLOBAL_ACCENT_COLOR_NAME = AccentColor;
				ASSETCATALOG_COMPILER_WIDGET_BACKGROUND_COLOR_NAME = WidgetBackground;
				CODE_SIGN_STYLE = Automatic;
				CURRENT_PROJECT_VERSION = 1;
				DEVELOPMENT_TEAM = PZ67V2GHY9;
				GENERATE_INFOPLIST_FILE = YES;
				INFOPLIST_FILE = MonthlyWidget/Info.plist;
				INFOPLIST_KEY_CFBundleDisplayName = MonthlyWidget;
				INFOPLIST_KEY_NSHumanReadableCopyright = "";
				LD_RUNPATH_SEARCH_PATHS = (
					"$(inherited)",
					"@executable_path/Frameworks",
					"@executable_path/../../Frameworks",
				);
				MARKETING_VERSION = 1.0;
				PRODUCT_BUNDLE_IDENTIFIER = io.compilery.Monthly.MonthlyWidget;
				PRODUCT_NAME = "$(TARGET_NAME)";
				SKIP_INSTALL = YES;
				SWIFT_EMIT_LOC_STRINGS = YES;
				SWIFT_VERSION = 5.0;
				TARGETED_DEVICE_FAMILY = "1,2";
			};
			name = Debug;
		};
		FDEDE7CF29498E8600E6972D /* Release */ = {
			isa = XCBuildConfiguration;
			buildSettings = {
				ASSETCATALOG_COMPILER_GLOBAL_ACCENT_COLOR_NAME = AccentColor;
				ASSETCATALOG_COMPILER_WIDGET_BACKGROUND_COLOR_NAME = WidgetBackground;
				CODE_SIGN_STYLE = Automatic;
				CURRENT_PROJECT_VERSION = 1;
				DEVELOPMENT_TEAM = PZ67V2GHY9;
				GENERATE_INFOPLIST_FILE = YES;
				INFOPLIST_FILE = MonthlyWidget/Info.plist;
				INFOPLIST_KEY_CFBundleDisplayName = MonthlyWidget;
				INFOPLIST_KEY_NSHumanReadableCopyright = "";
				LD_RUNPATH_SEARCH_PATHS = (
					"$(inherited)",
					"@executable_path/Frameworks",
					"@executable_path/../../Frameworks",
				);
				MARKETING_VERSION = 1.0;
				PRODUCT_BUNDLE_IDENTIFIER = io.compilery.Monthly.MonthlyWidget;
				PRODUCT_NAME = "$(TARGET_NAME)";
				SKIP_INSTALL = YES;
				SWIFT_EMIT_LOC_STRINGS = YES;
				SWIFT_VERSION = 5.0;
				TARGETED_DEVICE_FAMILY = "1,2";
			};
			name = Release;
		};
/* End XCBuildConfiguration section */

/* Begin XCConfigurationList section */
		FDEDE7A229498E4000E6972D /* Build configuration list for PBXProject "Monthly" */ = {
			isa = XCConfigurationList;
			buildConfigurations = (
				FDEDE7B329498E4100E6972D /* Debug */,
				FDEDE7B429498E4100E6972D /* Release */,
			);
			defaultConfigurationIsVisible = 0;
			defaultConfigurationName = Release;
		};
		FDEDE7B529498E4100E6972D /* Build configuration list for PBXNativeTarget "Monthly" */ = {
			isa = XCConfigurationList;
			buildConfigurations = (
				FDEDE7B629498E4100E6972D /* Debug */,
				FDEDE7B729498E4100E6972D /* Release */,
			);
			defaultConfigurationIsVisible = 0;
			defaultConfigurationName = Release;
		};
		FDEDE7CD29498E8600E6972D /* Build configuration list for PBXNativeTarget "MonthlyWidgetExtension" */ = {
			isa = XCConfigurationList;
			buildConfigurations = (
				FDEDE7CE29498E8600E6972D /* Debug */,
				FDEDE7CF29498E8600E6972D /* Release */,
			);
			defaultConfigurationIsVisible = 0;
			defaultConfigurationName = Release;
		};
/* End XCConfigurationList section */
	};
	rootObject = FDEDE79F29498E4000E6972D /* Project object */;
}
